PODS:
  - Alamofire (1.1.4)
  - Snap (0.0.4)
  - SwiftyJSON (2.1.3)

DEPENDENCIES:
  - Alamofire
  - Snap
  - SwiftyJSON

SPEC CHECKSUMS:
  Alamofire: 524225da382071ee3e6d0badd0ee4b4dc36740de
  Snap: 66767e914c2502fac641439b8a281b92f07a0083
  SwiftyJSON: 48be7490a3989a58a3f511cd54167f0a2b466e76

COCOAPODS: 0.36.0.beta.2
