PODS:
  - CocoaLumberjack (2.2.0):
    - CocoaLumberjack/Default (= 2.2.0)
    - CocoaLumberjack/Extensions (= 2.2.0)
  - CocoaLumberjack/Core (2.2.0)
  - CocoaLumberjack/Default (2.2.0):
    - CocoaLumberjack/Core
  - CocoaLumberjack/Extensions (2.2.0):
    - CocoaLumberjack/Default
  - FMDB (2.3):
    - FMDB/standard (= 2.3)
  - FMDB/common (2.3)
  - FMDB/standard (2.3):
    - FMDB/common
  - GeoJSONSerialization (0.0.4)
  - Google/Analytics (1.2.1):
    - Google/Core
    - GoogleAnalytics (~> 3.12)
  - Google/Core (1.2.1):
    - GoogleInterchangeUtilities (~> 1.0)
    - GoogleNetworkingUtilities (~> 1.0)
    - GoogleSymbolUtilities (~> 1.0)
    - GoogleUtilities (~> 1.1)
  - Google/SignIn (1.2.1):
    - Google/Core
    - GoogleSignIn (~> 2.0)
  - GoogleAnalytics (3.14.0)
  - GoogleAppUtilities (1.0.0):
    - GoogleSymbolUtilities (~> 1.0)
  - GoogleAuthUtilities (1.0.1):
    - GoogleNetworkingUtilities (~> 1.0)
    - GoogleSymbolUtilities (~> 1.0)
  - GoogleInterchangeUtilities (1.1.0):
    - GoogleSymbolUtilities (~> 1.0)
  - GoogleMaps (1.11.1)
  - GoogleNetworkingUtilities (1.0.0):
    - GoogleSymbolUtilities (~> 1.0)
  - GoogleSignIn (2.4.0):
    - GoogleAppUtilities (~> 1.0)
    - GoogleAuthUtilities (~> 1.0)
    - GoogleNetworkingUtilities (~> 1.0)
    - GoogleUtilities (~> 1.0)
  - GoogleSymbolUtilities (1.0.3)
  - GoogleUtilities (1.1.0):
    - GoogleSymbolUtilities (~> 1.0.0)
  - GRMustache (7.3.0):
    - JRSwizzle (~> 1.0)
  - GZIP (1.1.1)
  - IQKeyboardManager (3.2.4)
  - JRSwizzle (1.0)
  - Mapbox-iOS-SDK (1.6.0):
    - FMDB (= 2.3)
    - GRMustache (= 7.3.0)
    - SMCalloutView (= 2.0)
  - MarqueeLabel (2.4.0)
  - OMGHTTPURLRQ/UserAgent (3.0.2)
  - pop (1.0.8)
  - SDWebImage (3.7.2):
    - SDWebImage/Core (= 3.7.2)
  - SDWebImage/Core (3.7.2)
  - SevenSwitch (1.4.0)
  - SMCalloutView (2.0)
  - SVProgressHUD (HEAD based on 2.0-beta)
  - TDOAuth (1.1.2):
    - OMGHTTPURLRQ/UserAgent

DEPENDENCIES:
  - CocoaLumberjack
  - GeoJSONSerialization
  - Google/Analytics
  - Google/SignIn
  - GoogleMaps
  - GZIP
  - IQKeyboardManager (= 3.2.4)
  - Mapbox-iOS-SDK (= 1.6.0)
  - MarqueeLabel
  - pop (~> 1.0)
  - SDWebImage (= 3.7.2)
  - SevenSwitch (~> 1.4)
  - SVProgressHUD (HEAD)
  - TDOAuth

SPEC CHECKSUMS:
  CocoaLumberjack: 17fe8581f84914d5d7e6360f7c70022b173c3ae0
  FMDB: 773d79bb74226959b7e2286b1d6e0bd857c88915
  GeoJSONSerialization: 55a3d24fe9af26508e3af76873114b39b13ba479
  Google: fd33b5fa40fa3aaee5176de49c873a74e3d11dce
  GoogleAnalytics: 9be1afdb8deeac4bb5f13ca7f7d3b9db2a1f43dc
  GoogleAppUtilities: c01c6a5671e9da8b9d690fdaec5959d6c2aac699
  GoogleAuthUtilities: 049ffd3a297cdffd271451b82fd4e75304f15ef3
  GoogleInterchangeUtilities: d7f7174176fbcf9710f696f1acebad4dbd98ac03
  GoogleMaps: c947160008f414c66707a5ea60f35e92055c7670
  GoogleNetworkingUtilities: 292992ab31b7b4ba32809a0e8b40e324cdfb2c0c
  GoogleSignIn: 79929b51e6299c69f1197bbd9c7a1367d523ecd8
  GoogleSymbolUtilities: 82ad9f93d3615244b3f4ce440f5ab2515e8b4f56
  GoogleUtilities: 8ed9134debe11719097881711464752900668f10
  GRMustache: 6baee020c5644416c034f5afb1607f6219e7f753
  GZIP: f8beb59597f651e6970a45b816508a9c6d700b77
  IQKeyboardManager: 555b1231fefafb21b19278d7cca72986a27b748b
  JRSwizzle: dd5ead5d913a0f29e7f558200165849f006bb1e3
  Mapbox-iOS-SDK: ee136ca5b7f853456b50dfd7a7f0e243288cf86f
  MarqueeLabel: d6bddc297b922784f9d1e7d92cffbf99bad413d2
  OMGHTTPURLRQ: 8376dc887d76a5a7e2a67881dc788f917a2f437c
  pop: bb773ae2c791ca2629de13b347e7a8b450fa6a57
  SDWebImage: 71b7cdc1d1721d6a82ed62889030225f2c249e29
  SevenSwitch: e992e56e2e7f401eb00538b9fa92bf848bacbe27
  SMCalloutView: f758edd824b18bf4f42de00df1e299861a2d1950
  SVProgressHUD: c83337f10ed32d701c423d519059a249973c8662
  TDOAuth: f7e356e834295b83c7b5066ee72a30f128c5f722

COCOAPODS: 0.38.2
