// !$*UTF8*$!
{
	archiveVersion = 1;
	classes = {
	};
	objectVersion = 46;
	objects = {

/* Begin PBXBuildFile section */
		BFC7648D1A7644AC008F2B26 /* AppDelegate.swift in Sources */ = {isa = PBXBuildFile; fileRef = BFC7648C1A7644AC008F2B26 /* AppDelegate.swift */; };
		BFC7648F1A7644AC008F2B26 /* ViewController.swift in Sources */ = {isa = PBXBuildFile; fileRef = BFC7648E1A7644AC008F2B26 /* ViewController.swift */; };
		BFC764921A7644AC008F2B26 /* Main.storyboard in Resources */ = {isa = PBXBuildFile; fileRef = BFC764901A7644AC008F2B26 /* Main.storyboard */; };
		BFC764941A7644AC008F2B26 /* Images.xcassets in Resources */ = {isa = PBXBuildFile; fileRef = BFC764931A7644AC008F2B26 /* Images.xcassets */; };
		BFC764971A7644AC008F2B26 /* LaunchScreen.xib in Resources */ = {isa = PBXBuildFile; fileRef = BFC764951A7644AC008F2B26 /* LaunchScreen.xib */; };
		BFC764A31A7644AC008F2B26 /* prkng_iosTests.swift in Sources */ = {isa = PBXBuildFile; fileRef = BFC764A21A7644AC008F2B26 /* prkng_iosTests.swift */; };
/* End PBXBuildFile section */

/* Begin PBXContainerItemProxy section */
		BFC7649D1A7644AC008F2B26 /* PBXContainerItemProxy */ = {
			isa = PBXContainerItemProxy;
			containerPortal = BFC7647F1A7644AC008F2B26 /* Project object */;
			proxyType = 1;
			remoteGlobalIDString = BFC764861A7644AC008F2B26;
			remoteInfo = "prkng-ios";
		};
/* End PBXContainerItemProxy section */

/* Begin PBXFileReference section */
		BFC764871A7644AC008F2B26 /* prkng-ios.app */ = {isa = PBXFileReference; explicitFileType = wrapper.application; includeInIndex = 0; path = "prkng-ios.app"; sourceTree = BUILT_PRODUCTS_DIR; };
		BFC7648B1A7644AC008F2B26 /* Info.plist */ = {isa = PBXFileReference; lastKnownFileType = text.plist.xml; path = Info.plist; sourceTree = "<group>"; };
		BFC7648C1A7644AC008F2B26 /* AppDelegate.swift */ = {isa = PBXFileReference; lastKnownFileType = sourcecode.swift; path = AppDelegate.swift; sourceTree = "<group>"; };
		BFC7648E1A7644AC008F2B26 /* ViewController.swift */ = {isa = PBXFileReference; lastKnownFileType = sourcecode.swift; path = ViewController.swift; sourceTree = "<group>"; };
		BFC764911A7644AC008F2B26 /* Base */ = {isa = PBXFileReference; lastKnownFileType = file.storyboard; name = Base; path = Base.lproj/Main.storyboard; sourceTree = "<group>"; };
		BFC764931A7644AC008F2B26 /* Images.xcassets */ = {isa = PBXFileReference; lastKnownFileType = folder.assetcatalog; path = Images.xcassets; sourceTree = "<group>"; };
		BFC764961A7644AC008F2B26 /* Base */ = {isa = PBXFileReference; lastKnownFileType = file.xib; name = Base; path = Base.lproj/LaunchScreen.xib; sourceTree = "<group>"; };
		BFC7649C1A7644AC008F2B26 /* prkng-iosTests.xctest */ = {isa = PBXFileReference; explicitFileType = wrapper.cfbundle; includeInIndex = 0; path = "prkng-iosTests.xctest"; sourceTree = BUILT_PRODUCTS_DIR; };
		BFC764A11A7644AC008F2B26 /* Info.plist */ = {isa = PBXFileReference; lastKnownFileType = text.plist.xml; path = Info.plist; sourceTree = "<group>"; };
		BFC764A21A7644AC008F2B26 /* prkng_iosTests.swift */ = {isa = PBXFileReference; lastKnownFileType = sourcecode.swift; path = prkng_iosTests.swift; sourceTree = "<group>"; };
/* End PBXFileReference section */

/* Begin PBXFrameworksBuildPhase section */
		BFC764841A7644AC008F2B26 /* Frameworks */ = {
			isa = PBXFrameworksBuildPhase;
			buildActionMask = 2147483647;
			files = (
			);
			runOnlyForDeploymentPostprocessing = 0;
		};
		BFC764991A7644AC008F2B26 /* Frameworks */ = {
			isa = PBXFrameworksBuildPhase;
			buildActionMask = 2147483647;
			files = (
			);
			runOnlyForDeploymentPostprocessing = 0;
		};
/* End PBXFrameworksBuildPhase section */

/* Begin PBXGroup section */
		BFC7647E1A7644AC008F2B26 = {
			isa = PBXGroup;
			children = (
				BFC764891A7644AC008F2B26 /* prkng-ios */,
				BFC7649F1A7644AC008F2B26 /* prkng-iosTests */,
				BFC764881A7644AC008F2B26 /* Products */,
			);
			sourceTree = "<group>";
		};
		BFC764881A7644AC008F2B26 /* Products */ = {
			isa = PBXGroup;
			children = (
				BFC764871A7644AC008F2B26 /* prkng-ios.app */,
				BFC7649C1A7644AC008F2B26 /* prkng-iosTests.xctest */,
			);
			name = Products;
			sourceTree = "<group>";
		};
		BFC764891A7644AC008F2B26 /* prkng-ios */ = {
			isa = PBXGroup;
			children = (
				BFC7648C1A7644AC008F2B26 /* AppDelegate.swift */,
				BFC7648E1A7644AC008F2B26 /* ViewController.swift */,
				BFC764901A7644AC008F2B26 /* Main.storyboard */,
				BFC764931A7644AC008F2B26 /* Images.xcassets */,
				BFC764951A7644AC008F2B26 /* LaunchScreen.xib */,
				BFC7648A1A7644AC008F2B26 /* Supporting Files */,
			);
			path = "prkng-ios";
			sourceTree = "<group>";
		};
		BFC7648A1A7644AC008F2B26 /* Supporting Files */ = {
			isa = PBXGroup;
			children = (
				BFC7648B1A7644AC008F2B26 /* Info.plist */,
			);
			name = "Supporting Files";
			sourceTree = "<group>";
		};
		BFC7649F1A7644AC008F2B26 /* prkng-iosTests */ = {
			isa = PBXGroup;
			children = (
				BFC764A21A7644AC008F2B26 /* prkng_iosTests.swift */,
				BFC764A01A7644AC008F2B26 /* Supporting Files */,
			);
			path = "prkng-iosTests";
			sourceTree = "<group>";
		};
		BFC764A01A7644AC008F2B26 /* Supporting Files */ = {
			isa = PBXGroup;
			children = (
				BFC764A11A7644AC008F2B26 /* Info.plist */,
			);
			name = "Supporting Files";
			sourceTree = "<group>";
		};
/* End PBXGroup section */

/* Begin PBXNativeTarget section */
		BFC764861A7644AC008F2B26 /* prkng-ios */ = {
			isa = PBXNativeTarget;
			buildConfigurationList = BFC764A61A7644AC008F2B26 /* Build configuration list for PBXNativeTarget "prkng-ios" */;
			buildPhases = (
				BFC764831A7644AC008F2B26 /* Sources */,
				BFC764841A7644AC008F2B26 /* Frameworks */,
				BFC764851A7644AC008F2B26 /* Resources */,
			);
			buildRules = (
			);
			dependencies = (
			);
			name = "prkng-ios";
			productName = "prkng-ios";
			productReference = BFC764871A7644AC008F2B26 /* prkng-ios.app */;
			productType = "com.apple.product-type.application";
		};
		BFC7649B1A7644AC008F2B26 /* prkng-iosTests */ = {
			isa = PBXNativeTarget;
			buildConfigurationList = BFC764A91A7644AC008F2B26 /* Build configuration list for PBXNativeTarget "prkng-iosTests" */;
			buildPhases = (
				BFC764981A7644AC008F2B26 /* Sources */,
				BFC764991A7644AC008F2B26 /* Frameworks */,
				BFC7649A1A7644AC008F2B26 /* Resources */,
			);
			buildRules = (
			);
			dependencies = (
				BFC7649E1A7644AC008F2B26 /* PBXTargetDependency */,
			);
			name = "prkng-iosTests";
			productName = "prkng-iosTests";
			productReference = BFC7649C1A7644AC008F2B26 /* prkng-iosTests.xctest */;
			productType = "com.apple.product-type.bundle.unit-test";
		};
/* End PBXNativeTarget section */

/* Begin PBXProject section */
		BFC7647F1A7644AC008F2B26 /* Project object */ = {
			isa = PBXProject;
			attributes = {
				LastUpgradeCheck = 0610;
				ORGANIZATIONNAME = PRKNG;
				TargetAttributes = {
					BFC764861A7644AC008F2B26 = {
						CreatedOnToolsVersion = 6.1.1;
					};
					BFC7649B1A7644AC008F2B26 = {
						CreatedOnToolsVersion = 6.1.1;
						TestTargetID = BFC764861A7644AC008F2B26;
					};
				};
			};
			buildConfigurationList = BFC764821A7644AC008F2B26 /* Build configuration list for PBXProject "prkng-ios" */;
			compatibilityVersion = "Xcode 3.2";
			developmentRegion = English;
			hasScannedForEncodings = 0;
			knownRegions = (
				en,
				Base,
			);
			mainGroup = BFC7647E1A7644AC008F2B26;
			productRefGroup = BFC764881A7644AC008F2B26 /* Products */;
			projectDirPath = "";
			projectRoot = "";
			targets = (
				BFC764861A7644AC008F2B26 /* prkng-ios */,
				BFC7649B1A7644AC008F2B26 /* prkng-iosTests */,
			);
		};
/* End PBXProject section */

/* Begin PBXResourcesBuildPhase section */
		BFC764851A7644AC008F2B26 /* Resources */ = {
			isa = PBXResourcesBuildPhase;
			buildActionMask = 2147483647;
			files = (
				BFC764921A7644AC008F2B26 /* Main.storyboard in Resources */,
				BFC764971A7644AC008F2B26 /* LaunchScreen.xib in Resources */,
				BFC764941A7644AC008F2B26 /* Images.xcassets in Resources */,
			);
			runOnlyForDeploymentPostprocessing = 0;
		};
		BFC7649A1A7644AC008F2B26 /* Resources */ = {
			isa = PBXResourcesBuildPhase;
			buildActionMask = 2147483647;
			files = (
			);
			runOnlyForDeploymentPostprocessing = 0;
		};
/* End PBXResourcesBuildPhase section */

/* Begin PBXSourcesBuildPhase section */
		BFC764831A7644AC008F2B26 /* Sources */ = {
			isa = PBXSourcesBuildPhase;
			buildActionMask = 2147483647;
			files = (
				BFC7648F1A7644AC008F2B26 /* ViewController.swift in Sources */,
				BFC7648D1A7644AC008F2B26 /* AppDelegate.swift in Sources */,
			);
			runOnlyForDeploymentPostprocessing = 0;
		};
		BFC764981A7644AC008F2B26 /* Sources */ = {
			isa = PBXSourcesBuildPhase;
			buildActionMask = 2147483647;
			files = (
				BFC764A31A7644AC008F2B26 /* prkng_iosTests.swift in Sources */,
			);
			runOnlyForDeploymentPostprocessing = 0;
		};
/* End PBXSourcesBuildPhase section */

/* Begin PBXTargetDependency section */
		BFC7649E1A7644AC008F2B26 /* PBXTargetDependency */ = {
			isa = PBXTargetDependency;
			target = BFC764861A7644AC008F2B26 /* prkng-ios */;
			targetProxy = BFC7649D1A7644AC008F2B26 /* PBXContainerItemProxy */;
		};
/* End PBXTargetDependency section */

/* Begin PBXVariantGroup section */
		BFC764901A7644AC008F2B26 /* Main.storyboard */ = {
			isa = PBXVariantGroup;
			children = (
				BFC764911A7644AC008F2B26 /* Base */,
			);
			name = Main.storyboard;
			sourceTree = "<group>";
		};
		BFC764951A7644AC008F2B26 /* LaunchScreen.xib */ = {
			isa = PBXVariantGroup;
			children = (
				BFC764961A7644AC008F2B26 /* Base */,
			);
			name = LaunchScreen.xib;
			sourceTree = "<group>";
		};
/* End PBXVariantGroup section */

/* Begin XCBuildConfiguration section */
		BFC764A41A7644AC008F2B26 /* Debug */ = {
			isa = XCBuildConfiguration;
			buildSettings = {
				ALWAYS_SEARCH_USER_PATHS = NO;
				CLANG_CXX_LANGUAGE_STANDARD = "gnu++0x";
				CLANG_CXX_LIBRARY = "libc++";
				CLANG_ENABLE_MODULES = YES;
				CLANG_ENABLE_OBJC_ARC = YES;
				CLANG_WARN_BOOL_CONVERSION = YES;
				CLANG_WARN_CONSTANT_CONVERSION = YES;
				CLANG_WARN_DIRECT_OBJC_ISA_USAGE = YES_ERROR;
				CLANG_WARN_EMPTY_BODY = YES;
				CLANG_WARN_ENUM_CONVERSION = YES;
				CLANG_WARN_INT_CONVERSION = YES;
				CLANG_WARN_OBJC_ROOT_CLASS = YES_ERROR;
				CLANG_WARN_UNREACHABLE_CODE = YES;
				CLANG_WARN__DUPLICATE_METHOD_MATCH = YES;
				"CODE_SIGN_IDENTITY[sdk=iphoneos*]" = "iPhone Developer";
				COPY_PHASE_STRIP = NO;
				ENABLE_STRICT_OBJC_MSGSEND = YES;
				GCC_C_LANGUAGE_STANDARD = gnu99;
				GCC_DYNAMIC_NO_PIC = NO;
				GCC_OPTIMIZATION_LEVEL = 0;
				GCC_PREPROCESSOR_DEFINITIONS = (
					"DEBUG=1",
					"$(inherited)",
				);
				GCC_SYMBOLS_PRIVATE_EXTERN = NO;
				GCC_WARN_64_TO_32_BIT_CONVERSION = YES;
				GCC_WARN_ABOUT_RETURN_TYPE = YES_ERROR;
				GCC_WARN_UNDECLARED_SELECTOR = YES;
				GCC_WARN_UNINITIALIZED_AUTOS = YES_AGGRESSIVE;
				GCC_WARN_UNUSED_FUNCTION = YES;
				GCC_WARN_UNUSED_VARIABLE = YES;
				IPHONEOS_DEPLOYMENT_TARGET = 8.1;
				MTL_ENABLE_DEBUG_INFO = YES;
				ONLY_ACTIVE_ARCH = YES;
				SDKROOT = iphoneos;
				SWIFT_OPTIMIZATION_LEVEL = "-Onone";
			};
			name = Debug;
		};
		BFC764A51A7644AC008F2B26 /* Release */ = {
			isa = XCBuildConfiguration;
			buildSettings = {
				ALWAYS_SEARCH_USER_PATHS = NO;
				CLANG_CXX_LANGUAGE_STANDARD = "gnu++0x";
				CLANG_CXX_LIBRARY = "libc++";
				CLANG_ENABLE_MODULES = YES;
				CLANG_ENABLE_OBJC_ARC = YES;
				CLANG_WARN_BOOL_CONVERSION = YES;
				CLANG_WARN_CONSTANT_CONVERSION = YES;
				CLANG_WARN_DIRECT_OBJC_ISA_USAGE = YES_ERROR;
				CLANG_WARN_EMPTY_BODY = YES;
				CLANG_WARN_ENUM_CONVERSION = YES;
				CLANG_WARN_INT_CONVERSION = YES;
				CLANG_WARN_OBJC_ROOT_CLASS = YES_ERROR;
				CLANG_WARN_UNREACHABLE_CODE = YES;
				CLANG_WARN__DUPLICATE_METHOD_MATCH = YES;
				"CODE_SIGN_IDENTITY[sdk=iphoneos*]" = "iPhone Developer";
				COPY_PHASE_STRIP = YES;
				ENABLE_NS_ASSERTIONS = NO;
				ENABLE_STRICT_OBJC_MSGSEND = YES;
				GCC_C_LANGUAGE_STANDARD = gnu99;
				GCC_WARN_64_TO_32_BIT_CONVERSION = YES;
				GCC_WARN_ABOUT_RETURN_TYPE = YES_ERROR;
				GCC_WARN_UNDECLARED_SELECTOR = YES;
				GCC_WARN_UNINITIALIZED_AUTOS = YES_AGGRESSIVE;
				GCC_WARN_UNUSED_FUNCTION = YES;
				GCC_WARN_UNUSED_VARIABLE = YES;
				IPHONEOS_DEPLOYMENT_TARGET = 8.1;
				MTL_ENABLE_DEBUG_INFO = NO;
				SDKROOT = iphoneos;
				VALIDATE_PRODUCT = YES;
			};
			name = Release;
		};
		BFC764A71A7644AC008F2B26 /* Debug */ = {
			isa = XCBuildConfiguration;
			buildSettings = {
				ASSETCATALOG_COMPILER_APPICON_NAME = AppIcon;
				INFOPLIST_FILE = "prkng-ios/Info.plist";
				LD_RUNPATH_SEARCH_PATHS = "$(inherited) @executable_path/Frameworks";
				PRODUCT_NAME = "$(TARGET_NAME)";
			};
			name = Debug;
		};
		BFC764A81A7644AC008F2B26 /* Release */ = {
			isa = XCBuildConfiguration;
			buildSettings = {
				ASSETCATALOG_COMPILER_APPICON_NAME = AppIcon;
				INFOPLIST_FILE = "prkng-ios/Info.plist";
				LD_RUNPATH_SEARCH_PATHS = "$(inherited) @executable_path/Frameworks";
				PRODUCT_NAME = "$(TARGET_NAME)";
			};
			name = Release;
		};
		BFC764AA1A7644AC008F2B26 /* Debug */ = {
			isa = XCBuildConfiguration;
			buildSettings = {
				BUNDLE_LOADER = "$(TEST_HOST)";
				FRAMEWORK_SEARCH_PATHS = (
					"$(SDKROOT)/Developer/Library/Frameworks",
					"$(inherited)",
				);
				GCC_PREPROCESSOR_DEFINITIONS = (
					"DEBUG=1",
					"$(inherited)",
				);
				INFOPLIST_FILE = "prkng-iosTests/Info.plist";
				LD_RUNPATH_SEARCH_PATHS = "$(inherited) @executable_path/Frameworks @loader_path/Frameworks";
				PRODUCT_NAME = "$(TARGET_NAME)";
				TEST_HOST = "$(BUILT_PRODUCTS_DIR)/prkng-ios.app/prkng-ios";
			};
			name = Debug;
		};
		BFC764AB1A7644AC008F2B26 /* Release */ = {
			isa = XCBuildConfiguration;
			buildSettings = {
				BUNDLE_LOADER = "$(TEST_HOST)";
				FRAMEWORK_SEARCH_PATHS = (
					"$(SDKROOT)/Developer/Library/Frameworks",
					"$(inherited)",
				);
				INFOPLIST_FILE = "prkng-iosTests/Info.plist";
				LD_RUNPATH_SEARCH_PATHS = "$(inherited) @executable_path/Frameworks @loader_path/Frameworks";
				PRODUCT_NAME = "$(TARGET_NAME)";
				TEST_HOST = "$(BUILT_PRODUCTS_DIR)/prkng-ios.app/prkng-ios";
			};
			name = Release;
		};
/* End XCBuildConfiguration section */

/* Begin XCConfigurationList section */
		BFC764821A7644AC008F2B26 /* Build configuration list for PBXProject "prkng-ios" */ = {
			isa = XCConfigurationList;
			buildConfigurations = (
				BFC764A41A7644AC008F2B26 /* Debug */,
				BFC764A51A7644AC008F2B26 /* Release */,
			);
			defaultConfigurationIsVisible = 0;
			defaultConfigurationName = Release;
		};
		BFC764A61A7644AC008F2B26 /* Build configuration list for PBXNativeTarget "prkng-ios" */ = {
			isa = XCConfigurationList;
			buildConfigurations = (
				BFC764A71A7644AC008F2B26 /* Debug */,
				BFC764A81A7644AC008F2B26 /* Release */,
			);
			defaultConfigurationIsVisible = 0;
		};
		BFC764A91A7644AC008F2B26 /* Build configuration list for PBXNativeTarget "prkng-iosTests" */ = {
			isa = XCConfigurationList;
			buildConfigurations = (
				BFC764AA1A7644AC008F2B26 /* Debug */,
				BFC764AB1A7644AC008F2B26 /* Release */,
			);
			defaultConfigurationIsVisible = 0;
		};
/* End XCConfigurationList section */
	};
	rootObject = BFC7647F1A7644AC008F2B26 /* Project object */;
}
