// !$*UTF8*$!
{
	archiveVersion = 1;
	classes = {
	};
	objectVersion = 46;
	objects = {

/* Begin PBXBuildFile section */
		BF3F4F031A9CEBC000D254D4 /* SwiftyJSON.swift in Sources */ = {isa = PBXBuildFile; fileRef = BF3F4F021A9CEBC000D254D4 /* SwiftyJSON.swift */; };
		BF3F4F071A9CEC5700D254D4 /* Alamofire-SwiftyJSON.swift in Sources */ = {isa = PBXBuildFile; fileRef = BF3F4F061A9CEC5700D254D4 /* Alamofire-SwiftyJSON.swift */; };
		BF3F4F091A9CEC5C00D254D4 /* Alamofire.swift in Sources */ = {isa = PBXBuildFile; fileRef = BF3F4F081A9CEC5C00D254D4 /* Alamofire.swift */; };
		BF3F4F131A9CED9C00D254D4 /* Constraint.swift in Sources */ = {isa = PBXBuildFile; fileRef = BF3F4F0A1A9CED9C00D254D4 /* Constraint.swift */; };
		BF3F4F141A9CED9C00D254D4 /* ConstraintAttributes.swift in Sources */ = {isa = PBXBuildFile; fileRef = BF3F4F0B1A9CED9C00D254D4 /* ConstraintAttributes.swift */; };
		BF3F4F151A9CED9C00D254D4 /* ConstraintItem.swift in Sources */ = {isa = PBXBuildFile; fileRef = BF3F4F0C1A9CED9C00D254D4 /* ConstraintItem.swift */; };
		BF3F4F161A9CED9C00D254D4 /* ConstraintMaker.swift in Sources */ = {isa = PBXBuildFile; fileRef = BF3F4F0D1A9CED9C00D254D4 /* ConstraintMaker.swift */; };
		BF3F4F171A9CED9C00D254D4 /* ConstraintRelation.swift in Sources */ = {isa = PBXBuildFile; fileRef = BF3F4F0E1A9CED9C00D254D4 /* ConstraintRelation.swift */; };
		BF3F4F181A9CED9C00D254D4 /* EdgeInsets.swift in Sources */ = {isa = PBXBuildFile; fileRef = BF3F4F0F1A9CED9C00D254D4 /* EdgeInsets.swift */; };
		BF3F4F191A9CED9C00D254D4 /* LayoutConstraint.swift in Sources */ = {isa = PBXBuildFile; fileRef = BF3F4F101A9CED9C00D254D4 /* LayoutConstraint.swift */; };
		BF3F4F1A1A9CED9C00D254D4 /* View+Snap.swift in Sources */ = {isa = PBXBuildFile; fileRef = BF3F4F121A9CED9C00D254D4 /* View+Snap.swift */; };
		BF3F4F581A9CEEC900D254D4 /* libMapbox.a in Frameworks */ = {isa = PBXBuildFile; fileRef = BF3F4F561A9CEEC900D254D4 /* libMapbox.a */; };
		BF3F4F591A9CEEC900D254D4 /* Mapbox.bundle in Resources */ = {isa = PBXBuildFile; fileRef = BF3F4F571A9CEEC900D254D4 /* Mapbox.bundle */; };
		BF72984B1A9C8C5D00B8F4AE /* ParkingRule.swift in Sources */ = {isa = PBXBuildFile; fileRef = BF72984A1A9C8C5D00B8F4AE /* ParkingRule.swift */; };
		BFA8D16D1A83D34F005F4054 /* CoreLocation.framework in Frameworks */ = {isa = PBXBuildFile; fileRef = BFA8D16C1A83D34F005F4054 /* CoreLocation.framework */; };
		BFA8D16F1A83D356005F4054 /* QuartzCore.framework in Frameworks */ = {isa = PBXBuildFile; fileRef = BFA8D16E1A83D356005F4054 /* QuartzCore.framework */; };
		BFA8D1711A83D364005F4054 /* libsqlite3.dylib in Frameworks */ = {isa = PBXBuildFile; fileRef = BFA8D1701A83D364005F4054 /* libsqlite3.dylib */; };
		BFA8D1731A83D36F005F4054 /* libz.dylib in Frameworks */ = {isa = PBXBuildFile; fileRef = BFA8D1721A83D36F005F4054 /* libz.dylib */; };
		BFC7648D1A7644AC008F2B26 /* AppDelegate.swift in Sources */ = {isa = PBXBuildFile; fileRef = BFC7648C1A7644AC008F2B26 /* AppDelegate.swift */; };
		BFC764941A7644AC008F2B26 /* Images.xcassets in Resources */ = {isa = PBXBuildFile; fileRef = BFC764931A7644AC008F2B26 /* Images.xcassets */; };
		BFC764A31A7644AC008F2B26 /* prkng_iosTests.swift in Sources */ = {isa = PBXBuildFile; fileRef = BFC764A21A7644AC008F2B26 /* prkng_iosTests.swift */; };
		BFD9CB691A9C942300BFA836 /* Shape.swift in Sources */ = {isa = PBXBuildFile; fileRef = BFD9CB681A9C942300BFA836 /* Shape.swift */; };
		BFDF22C11A85122D000380DA /* Crashlytics.framework in Frameworks */ = {isa = PBXBuildFile; fileRef = BFDF22C01A85122D000380DA /* Crashlytics.framework */; };
		BFE1AB781A839F5800B77F2E /* AbstractViewController.swift in Sources */ = {isa = PBXBuildFile; fileRef = BFE1AB771A839F5800B77F2E /* AbstractViewController.swift */; };
		BFE1AB7A1A839F6A00B77F2E /* MapViewController.swift in Sources */ = {isa = PBXBuildFile; fileRef = BFE1AB791A839F6A00B77F2E /* MapViewController.swift */; };
		BFE956641A8E4B7500C2C117 /* ParkingSpot.swift in Sources */ = {isa = PBXBuildFile; fileRef = BFE956631A8E4B7500C2C117 /* ParkingSpot.swift */; };
		BFE956691A8E59DF00C2C117 /* APIUtility.swift in Sources */ = {isa = PBXBuildFile; fileRef = BFE956681A8E59DF00C2C117 /* APIUtility.swift */; };
		BFE9566B1A8E5C8D00C2C117 /* SpotOperations.swift in Sources */ = {isa = PBXBuildFile; fileRef = BFE9566A1A8E5C8D00C2C117 /* SpotOperations.swift */; };
/* End PBXBuildFile section */

/* Begin PBXContainerItemProxy section */
		BFC7649D1A7644AC008F2B26 /* PBXContainerItemProxy */ = {
			isa = PBXContainerItemProxy;
			containerPortal = BFC7647F1A7644AC008F2B26 /* Project object */;
			proxyType = 1;
			remoteGlobalIDString = BFC764861A7644AC008F2B26;
			remoteInfo = "prkng-ios";
		};
/* End PBXContainerItemProxy section */

/* Begin PBXFileReference section */
		BF3F4F021A9CEBC000D254D4 /* SwiftyJSON.swift */ = {isa = PBXFileReference; fileEncoding = 4; lastKnownFileType = sourcecode.swift; path = SwiftyJSON.swift; sourceTree = "<group>"; };
		BF3F4F061A9CEC5700D254D4 /* Alamofire-SwiftyJSON.swift */ = {isa = PBXFileReference; fileEncoding = 4; lastKnownFileType = sourcecode.swift; path = "Alamofire-SwiftyJSON.swift"; sourceTree = "<group>"; };
		BF3F4F081A9CEC5C00D254D4 /* Alamofire.swift */ = {isa = PBXFileReference; fileEncoding = 4; lastKnownFileType = sourcecode.swift; path = Alamofire.swift; sourceTree = "<group>"; };
		BF3F4F0A1A9CED9C00D254D4 /* Constraint.swift */ = {isa = PBXFileReference; fileEncoding = 4; lastKnownFileType = sourcecode.swift; path = Constraint.swift; sourceTree = "<group>"; };
		BF3F4F0B1A9CED9C00D254D4 /* ConstraintAttributes.swift */ = {isa = PBXFileReference; fileEncoding = 4; lastKnownFileType = sourcecode.swift; path = ConstraintAttributes.swift; sourceTree = "<group>"; };
		BF3F4F0C1A9CED9C00D254D4 /* ConstraintItem.swift */ = {isa = PBXFileReference; fileEncoding = 4; lastKnownFileType = sourcecode.swift; path = ConstraintItem.swift; sourceTree = "<group>"; };
		BF3F4F0D1A9CED9C00D254D4 /* ConstraintMaker.swift */ = {isa = PBXFileReference; fileEncoding = 4; lastKnownFileType = sourcecode.swift; path = ConstraintMaker.swift; sourceTree = "<group>"; };
		BF3F4F0E1A9CED9C00D254D4 /* ConstraintRelation.swift */ = {isa = PBXFileReference; fileEncoding = 4; lastKnownFileType = sourcecode.swift; path = ConstraintRelation.swift; sourceTree = "<group>"; };
		BF3F4F0F1A9CED9C00D254D4 /* EdgeInsets.swift */ = {isa = PBXFileReference; fileEncoding = 4; lastKnownFileType = sourcecode.swift; path = EdgeInsets.swift; sourceTree = "<group>"; };
		BF3F4F101A9CED9C00D254D4 /* LayoutConstraint.swift */ = {isa = PBXFileReference; fileEncoding = 4; lastKnownFileType = sourcecode.swift; path = LayoutConstraint.swift; sourceTree = "<group>"; };
		BF3F4F111A9CED9C00D254D4 /* Snap.h */ = {isa = PBXFileReference; fileEncoding = 4; lastKnownFileType = sourcecode.c.h; path = Snap.h; sourceTree = "<group>"; };
		BF3F4F121A9CED9C00D254D4 /* View+Snap.swift */ = {isa = PBXFileReference; fileEncoding = 4; lastKnownFileType = sourcecode.swift; path = "View+Snap.swift"; sourceTree = "<group>"; };
		BF3F4F1E1A9CEEC900D254D4 /* Mapbox.h */ = {isa = PBXFileReference; fileEncoding = 4; lastKnownFileType = sourcecode.c.h; path = Mapbox.h; sourceTree = "<group>"; };
		BF3F4F1F1A9CEEC900D254D4 /* RMAbstractMercatorTileSource.h */ = {isa = PBXFileReference; fileEncoding = 4; lastKnownFileType = sourcecode.c.h; path = RMAbstractMercatorTileSource.h; sourceTree = "<group>"; };
		BF3F4F201A9CEEC900D254D4 /* RMAbstractWebMapSource.h */ = {isa = PBXFileReference; fileEncoding = 4; lastKnownFileType = sourcecode.c.h; path = RMAbstractWebMapSource.h; sourceTree = "<group>"; };
		BF3F4F211A9CEEC900D254D4 /* RMAnnotation.h */ = {isa = PBXFileReference; fileEncoding = 4; lastKnownFileType = sourcecode.c.h; path = RMAnnotation.h; sourceTree = "<group>"; };
		BF3F4F221A9CEEC900D254D4 /* RMAttributionViewController.h */ = {isa = PBXFileReference; fileEncoding = 4; lastKnownFileType = sourcecode.c.h; path = RMAttributionViewController.h; sourceTree = "<group>"; };
		BF3F4F231A9CEEC900D254D4 /* RMBingSource.h */ = {isa = PBXFileReference; fileEncoding = 4; lastKnownFileType = sourcecode.c.h; path = RMBingSource.h; sourceTree = "<group>"; };
		BF3F4F241A9CEEC900D254D4 /* RMCacheObject.h */ = {isa = PBXFileReference; fileEncoding = 4; lastKnownFileType = sourcecode.c.h; path = RMCacheObject.h; sourceTree = "<group>"; };
		BF3F4F251A9CEEC900D254D4 /* RMCircle.h */ = {isa = PBXFileReference; fileEncoding = 4; lastKnownFileType = sourcecode.c.h; path = RMCircle.h; sourceTree = "<group>"; };
		BF3F4F261A9CEEC900D254D4 /* RMCircleAnnotation.h */ = {isa = PBXFileReference; fileEncoding = 4; lastKnownFileType = sourcecode.c.h; path = RMCircleAnnotation.h; sourceTree = "<group>"; };
		BF3F4F271A9CEEC900D254D4 /* RMCompositeSource.h */ = {isa = PBXFileReference; fileEncoding = 4; lastKnownFileType = sourcecode.c.h; path = RMCompositeSource.h; sourceTree = "<group>"; };
		BF3F4F281A9CEEC900D254D4 /* RMConfiguration.h */ = {isa = PBXFileReference; fileEncoding = 4; lastKnownFileType = sourcecode.c.h; path = RMConfiguration.h; sourceTree = "<group>"; };
		BF3F4F291A9CEEC900D254D4 /* RMCoordinateGridSource.h */ = {isa = PBXFileReference; fileEncoding = 4; lastKnownFileType = sourcecode.c.h; path = RMCoordinateGridSource.h; sourceTree = "<group>"; };
		BF3F4F2A1A9CEEC900D254D4 /* RMDatabaseCache.h */ = {isa = PBXFileReference; fileEncoding = 4; lastKnownFileType = sourcecode.c.h; path = RMDatabaseCache.h; sourceTree = "<group>"; };
		BF3F4F2B1A9CEEC900D254D4 /* RMDBMapSource.h */ = {isa = PBXFileReference; fileEncoding = 4; lastKnownFileType = sourcecode.c.h; path = RMDBMapSource.h; sourceTree = "<group>"; };
		BF3F4F2C1A9CEEC900D254D4 /* RMFoundation.h */ = {isa = PBXFileReference; fileEncoding = 4; lastKnownFileType = sourcecode.c.h; path = RMFoundation.h; sourceTree = "<group>"; };
		BF3F4F2D1A9CEEC900D254D4 /* RMFractalTileProjection.h */ = {isa = PBXFileReference; fileEncoding = 4; lastKnownFileType = sourcecode.c.h; path = RMFractalTileProjection.h; sourceTree = "<group>"; };
		BF3F4F2E1A9CEEC900D254D4 /* RMGenericMapSource.h */ = {isa = PBXFileReference; fileEncoding = 4; lastKnownFileType = sourcecode.c.h; path = RMGenericMapSource.h; sourceTree = "<group>"; };
		BF3F4F2F1A9CEEC900D254D4 /* RMGlobalConstants.h */ = {isa = PBXFileReference; fileEncoding = 4; lastKnownFileType = sourcecode.c.h; path = RMGlobalConstants.h; sourceTree = "<group>"; };
		BF3F4F301A9CEEC900D254D4 /* RMGreatCircleAnnotation.h */ = {isa = PBXFileReference; fileEncoding = 4; lastKnownFileType = sourcecode.c.h; path = RMGreatCircleAnnotation.h; sourceTree = "<group>"; };
		BF3F4F311A9CEEC900D254D4 /* RMInteractiveSource.h */ = {isa = PBXFileReference; fileEncoding = 4; lastKnownFileType = sourcecode.c.h; path = RMInteractiveSource.h; sourceTree = "<group>"; };
		BF3F4F321A9CEEC900D254D4 /* RMLoadingTileView.h */ = {isa = PBXFileReference; fileEncoding = 4; lastKnownFileType = sourcecode.c.h; path = RMLoadingTileView.h; sourceTree = "<group>"; };
		BF3F4F331A9CEEC900D254D4 /* RMMapboxSource.h */ = {isa = PBXFileReference; fileEncoding = 4; lastKnownFileType = sourcecode.c.h; path = RMMapboxSource.h; sourceTree = "<group>"; };
		BF3F4F341A9CEEC900D254D4 /* RMMapLayer.h */ = {isa = PBXFileReference; fileEncoding = 4; lastKnownFileType = sourcecode.c.h; path = RMMapLayer.h; sourceTree = "<group>"; };
		BF3F4F351A9CEEC900D254D4 /* RMMapOverlayView.h */ = {isa = PBXFileReference; fileEncoding = 4; lastKnownFileType = sourcecode.c.h; path = RMMapOverlayView.h; sourceTree = "<group>"; };
		BF3F4F361A9CEEC900D254D4 /* RMMapQuestOpenAerialSource.h */ = {isa = PBXFileReference; fileEncoding = 4; lastKnownFileType = sourcecode.c.h; path = RMMapQuestOpenAerialSource.h; sourceTree = "<group>"; };
		BF3F4F371A9CEEC900D254D4 /* RMMapQuestOSMSource.h */ = {isa = PBXFileReference; fileEncoding = 4; lastKnownFileType = sourcecode.c.h; path = RMMapQuestOSMSource.h; sourceTree = "<group>"; };
		BF3F4F381A9CEEC900D254D4 /* RMMapScrollView.h */ = {isa = PBXFileReference; fileEncoding = 4; lastKnownFileType = sourcecode.c.h; path = RMMapScrollView.h; sourceTree = "<group>"; };
		BF3F4F391A9CEEC900D254D4 /* RMMapTiledLayerView.h */ = {isa = PBXFileReference; fileEncoding = 4; lastKnownFileType = sourcecode.c.h; path = RMMapTiledLayerView.h; sourceTree = "<group>"; };
		BF3F4F3A1A9CEEC900D254D4 /* RMMapView.h */ = {isa = PBXFileReference; fileEncoding = 4; lastKnownFileType = sourcecode.c.h; path = RMMapView.h; sourceTree = "<group>"; };
		BF3F4F3B1A9CEEC900D254D4 /* RMMapViewDelegate.h */ = {isa = PBXFileReference; fileEncoding = 4; lastKnownFileType = sourcecode.c.h; path = RMMapViewDelegate.h; sourceTree = "<group>"; };
		BF3F4F3C1A9CEEC900D254D4 /* RMMarker.h */ = {isa = PBXFileReference; fileEncoding = 4; lastKnownFileType = sourcecode.c.h; path = RMMarker.h; sourceTree = "<group>"; };
		BF3F4F3D1A9CEEC900D254D4 /* RMMBTilesSource.h */ = {isa = PBXFileReference; fileEncoding = 4; lastKnownFileType = sourcecode.c.h; path = RMMBTilesSource.h; sourceTree = "<group>"; };
		BF3F4F3E1A9CEEC900D254D4 /* RMMemoryCache.h */ = {isa = PBXFileReference; fileEncoding = 4; lastKnownFileType = sourcecode.c.h; path = RMMemoryCache.h; sourceTree = "<group>"; };
		BF3F4F3F1A9CEEC900D254D4 /* RMNotifications.h */ = {isa = PBXFileReference; fileEncoding = 4; lastKnownFileType = sourcecode.c.h; path = RMNotifications.h; sourceTree = "<group>"; };
		BF3F4F401A9CEEC900D254D4 /* RMOpenCycleMapSource.h */ = {isa = PBXFileReference; fileEncoding = 4; lastKnownFileType = sourcecode.c.h; path = RMOpenCycleMapSource.h; sourceTree = "<group>"; };
		BF3F4F411A9CEEC900D254D4 /* RMOpenSeaMapLayer.h */ = {isa = PBXFileReference; fileEncoding = 4; lastKnownFileType = sourcecode.c.h; path = RMOpenSeaMapLayer.h; sourceTree = "<group>"; };
		BF3F4F421A9CEEC900D254D4 /* RMOpenSeaMapSource.h */ = {isa = PBXFileReference; fileEncoding = 4; lastKnownFileType = sourcecode.c.h; path = RMOpenSeaMapSource.h; sourceTree = "<group>"; };
		BF3F4F431A9CEEC900D254D4 /* RMOpenStreetMapSource.h */ = {isa = PBXFileReference; fileEncoding = 4; lastKnownFileType = sourcecode.c.h; path = RMOpenStreetMapSource.h; sourceTree = "<group>"; };
		BF3F4F441A9CEEC900D254D4 /* RMPixel.h */ = {isa = PBXFileReference; fileEncoding = 4; lastKnownFileType = sourcecode.c.h; path = RMPixel.h; sourceTree = "<group>"; };
		BF3F4F451A9CEEC900D254D4 /* RMPointAnnotation.h */ = {isa = PBXFileReference; fileEncoding = 4; lastKnownFileType = sourcecode.c.h; path = RMPointAnnotation.h; sourceTree = "<group>"; };
		BF3F4F461A9CEEC900D254D4 /* RMPolygonAnnotation.h */ = {isa = PBXFileReference; fileEncoding = 4; lastKnownFileType = sourcecode.c.h; path = RMPolygonAnnotation.h; sourceTree = "<group>"; };
		BF3F4F471A9CEEC900D254D4 /* RMPolylineAnnotation.h */ = {isa = PBXFileReference; fileEncoding = 4; lastKnownFileType = sourcecode.c.h; path = RMPolylineAnnotation.h; sourceTree = "<group>"; };
		BF3F4F481A9CEEC900D254D4 /* RMProjection.h */ = {isa = PBXFileReference; fileEncoding = 4; lastKnownFileType = sourcecode.c.h; path = RMProjection.h; sourceTree = "<group>"; };
		BF3F4F491A9CEEC900D254D4 /* RMQuadTree.h */ = {isa = PBXFileReference; fileEncoding = 4; lastKnownFileType = sourcecode.c.h; path = RMQuadTree.h; sourceTree = "<group>"; };
		BF3F4F4A1A9CEEC900D254D4 /* RMShape.h */ = {isa = PBXFileReference; fileEncoding = 4; lastKnownFileType = sourcecode.c.h; path = RMShape.h; sourceTree = "<group>"; };
		BF3F4F4B1A9CEEC900D254D4 /* RMShapeAnnotation.h */ = {isa = PBXFileReference; fileEncoding = 4; lastKnownFileType = sourcecode.c.h; path = RMShapeAnnotation.h; sourceTree = "<group>"; };
		BF3F4F4C1A9CEEC900D254D4 /* RMStaticMapView.h */ = {isa = PBXFileReference; fileEncoding = 4; lastKnownFileType = sourcecode.c.h; path = RMStaticMapView.h; sourceTree = "<group>"; };
		BF3F4F4D1A9CEEC900D254D4 /* RMTile.h */ = {isa = PBXFileReference; fileEncoding = 4; lastKnownFileType = sourcecode.c.h; path = RMTile.h; sourceTree = "<group>"; };
		BF3F4F4E1A9CEEC900D254D4 /* RMTileCache.h */ = {isa = PBXFileReference; fileEncoding = 4; lastKnownFileType = sourcecode.c.h; path = RMTileCache.h; sourceTree = "<group>"; };
		BF3F4F4F1A9CEEC900D254D4 /* RMTileCacheDownloadOperation.h */ = {isa = PBXFileReference; fileEncoding = 4; lastKnownFileType = sourcecode.c.h; path = RMTileCacheDownloadOperation.h; sourceTree = "<group>"; };
		BF3F4F501A9CEEC900D254D4 /* RMTileImage.h */ = {isa = PBXFileReference; fileEncoding = 4; lastKnownFileType = sourcecode.c.h; path = RMTileImage.h; sourceTree = "<group>"; };
		BF3F4F511A9CEEC900D254D4 /* RMTileMillSource.h */ = {isa = PBXFileReference; fileEncoding = 4; lastKnownFileType = sourcecode.c.h; path = RMTileMillSource.h; sourceTree = "<group>"; };
		BF3F4F521A9CEEC900D254D4 /* RMTileSource.h */ = {isa = PBXFileReference; fileEncoding = 4; lastKnownFileType = sourcecode.c.h; path = RMTileSource.h; sourceTree = "<group>"; };
		BF3F4F531A9CEEC900D254D4 /* RMTileSourcesContainer.h */ = {isa = PBXFileReference; fileEncoding = 4; lastKnownFileType = sourcecode.c.h; path = RMTileSourcesContainer.h; sourceTree = "<group>"; };
		BF3F4F541A9CEEC900D254D4 /* RMUserLocation.h */ = {isa = PBXFileReference; fileEncoding = 4; lastKnownFileType = sourcecode.c.h; path = RMUserLocation.h; sourceTree = "<group>"; };
		BF3F4F551A9CEEC900D254D4 /* RMUserTrackingBarButtonItem.h */ = {isa = PBXFileReference; fileEncoding = 4; lastKnownFileType = sourcecode.c.h; path = RMUserTrackingBarButtonItem.h; sourceTree = "<group>"; };
		BF3F4F561A9CEEC900D254D4 /* libMapbox.a */ = {isa = PBXFileReference; lastKnownFileType = archive.ar; path = libMapbox.a; sourceTree = "<group>"; };
		BF3F4F571A9CEEC900D254D4 /* Mapbox.bundle */ = {isa = PBXFileReference; lastKnownFileType = "wrapper.plug-in"; path = Mapbox.bundle; sourceTree = "<group>"; };
		BF72984A1A9C8C5D00B8F4AE /* ParkingRule.swift */ = {isa = PBXFileReference; fileEncoding = 4; lastKnownFileType = sourcecode.swift; path = ParkingRule.swift; sourceTree = "<group>"; };
		BFA8D16C1A83D34F005F4054 /* CoreLocation.framework */ = {isa = PBXFileReference; lastKnownFileType = wrapper.framework; name = CoreLocation.framework; path = System/Library/Frameworks/CoreLocation.framework; sourceTree = SDKROOT; };
		BFA8D16E1A83D356005F4054 /* QuartzCore.framework */ = {isa = PBXFileReference; lastKnownFileType = wrapper.framework; name = QuartzCore.framework; path = System/Library/Frameworks/QuartzCore.framework; sourceTree = SDKROOT; };
		BFA8D1701A83D364005F4054 /* libsqlite3.dylib */ = {isa = PBXFileReference; lastKnownFileType = "compiled.mach-o.dylib"; name = libsqlite3.dylib; path = usr/lib/libsqlite3.dylib; sourceTree = SDKROOT; };
		BFA8D1721A83D36F005F4054 /* libz.dylib */ = {isa = PBXFileReference; lastKnownFileType = "compiled.mach-o.dylib"; name = libz.dylib; path = usr/lib/libz.dylib; sourceTree = SDKROOT; };
		BFC764871A7644AC008F2B26 /* prkng-ios.app */ = {isa = PBXFileReference; explicitFileType = wrapper.application; includeInIndex = 0; path = "prkng-ios.app"; sourceTree = BUILT_PRODUCTS_DIR; };
		BFC7648B1A7644AC008F2B26 /* Info.plist */ = {isa = PBXFileReference; lastKnownFileType = text.plist.xml; path = Info.plist; sourceTree = "<group>"; };
		BFC7648C1A7644AC008F2B26 /* AppDelegate.swift */ = {isa = PBXFileReference; lastKnownFileType = sourcecode.swift; path = AppDelegate.swift; sourceTree = "<group>"; };
		BFC764931A7644AC008F2B26 /* Images.xcassets */ = {isa = PBXFileReference; lastKnownFileType = folder.assetcatalog; path = Images.xcassets; sourceTree = "<group>"; };
		BFC7649C1A7644AC008F2B26 /* prkng-iosTests.xctest */ = {isa = PBXFileReference; explicitFileType = wrapper.cfbundle; includeInIndex = 0; path = "prkng-iosTests.xctest"; sourceTree = BUILT_PRODUCTS_DIR; };
		BFC764A11A7644AC008F2B26 /* Info.plist */ = {isa = PBXFileReference; lastKnownFileType = text.plist.xml; path = Info.plist; sourceTree = "<group>"; };
		BFC764A21A7644AC008F2B26 /* prkng_iosTests.swift */ = {isa = PBXFileReference; lastKnownFileType = sourcecode.swift; path = prkng_iosTests.swift; sourceTree = "<group>"; };
		BFD9CB681A9C942300BFA836 /* Shape.swift */ = {isa = PBXFileReference; fileEncoding = 4; lastKnownFileType = sourcecode.swift; path = Shape.swift; sourceTree = "<group>"; };
		BFDF22C01A85122D000380DA /* Crashlytics.framework */ = {isa = PBXFileReference; lastKnownFileType = wrapper.framework; path = Crashlytics.framework; sourceTree = "<group>"; };
		BFE1AB771A839F5800B77F2E /* AbstractViewController.swift */ = {isa = PBXFileReference; fileEncoding = 4; lastKnownFileType = sourcecode.swift; path = AbstractViewController.swift; sourceTree = "<group>"; };
		BFE1AB791A839F6A00B77F2E /* MapViewController.swift */ = {isa = PBXFileReference; fileEncoding = 4; lastKnownFileType = sourcecode.swift; path = MapViewController.swift; sourceTree = "<group>"; };
		BFE956631A8E4B7500C2C117 /* ParkingSpot.swift */ = {isa = PBXFileReference; fileEncoding = 4; lastKnownFileType = sourcecode.swift; path = ParkingSpot.swift; sourceTree = "<group>"; };
		BFE956681A8E59DF00C2C117 /* APIUtility.swift */ = {isa = PBXFileReference; fileEncoding = 4; lastKnownFileType = sourcecode.swift; path = APIUtility.swift; sourceTree = "<group>"; };
		BFE9566A1A8E5C8D00C2C117 /* SpotOperations.swift */ = {isa = PBXFileReference; fileEncoding = 4; lastKnownFileType = sourcecode.swift; path = SpotOperations.swift; sourceTree = "<group>"; };
		BFFD300A1A83B4AB006582A1 /* prkng-Bridging-Header.h */ = {isa = PBXFileReference; lastKnownFileType = sourcecode.c.h; path = "prkng-Bridging-Header.h"; sourceTree = "<group>"; };
/* End PBXFileReference section */

/* Begin PBXFrameworksBuildPhase section */
		BFC764841A7644AC008F2B26 /* Frameworks */ = {
			isa = PBXFrameworksBuildPhase;
			buildActionMask = 2147483647;
			files = (
				BF3F4F581A9CEEC900D254D4 /* libMapbox.a in Frameworks */,
				BFA8D16D1A83D34F005F4054 /* CoreLocation.framework in Frameworks */,
				BFA8D1731A83D36F005F4054 /* libz.dylib in Frameworks */,
				BFA8D1711A83D364005F4054 /* libsqlite3.dylib in Frameworks */,
				BFA8D16F1A83D356005F4054 /* QuartzCore.framework in Frameworks */,
				BFDF22C11A85122D000380DA /* Crashlytics.framework in Frameworks */,
			);
			runOnlyForDeploymentPostprocessing = 0;
		};
		BFC764991A7644AC008F2B26 /* Frameworks */ = {
			isa = PBXFrameworksBuildPhase;
			buildActionMask = 2147483647;
			files = (
			);
			runOnlyForDeploymentPostprocessing = 0;
		};
/* End PBXFrameworksBuildPhase section */

/* Begin PBXGroup section */
		14ED3BF3E75A844F19A53B43 /* Frameworks */ = {
			isa = PBXGroup;
			children = (
				BFDF22C01A85122D000380DA /* Crashlytics.framework */,
				BFA8D1721A83D36F005F4054 /* libz.dylib */,
				BFA8D1701A83D364005F4054 /* libsqlite3.dylib */,
				BFA8D16E1A83D356005F4054 /* QuartzCore.framework */,
				BFA8D16C1A83D34F005F4054 /* CoreLocation.framework */,
			);
			name = Frameworks;
			sourceTree = "<group>";
		};
		BF0B47221A7E903900E94B3C /* Model */ = {
			isa = PBXGroup;
			children = (
				BFE956631A8E4B7500C2C117 /* ParkingSpot.swift */,
				BFD9CB681A9C942300BFA836 /* Shape.swift */,
				BF72984A1A9C8C5D00B8F4AE /* ParkingRule.swift */,
			);
			path = Model;
			sourceTree = "<group>";
		};
		BF0B47231A7E905F00E94B3C /* View Controllers */ = {
			isa = PBXGroup;
			children = (
				BFE1AB771A839F5800B77F2E /* AbstractViewController.swift */,
				BFE1AB761A839F0100B77F2E /* Map */,
			);
			path = "View Controllers";
			sourceTree = "<group>";
		};
		BF3F4EC81A9CEA1100D254D4 /* Third Party Libraries */ = {
			isa = PBXGroup;
			children = (
				BF3F4F1C1A9CEEC900D254D4 /* Mapbox */,
				BF3F4F051A9CEBCF00D254D4 /* Snap */,
				BF3F4F041A9CEBC700D254D4 /* Alamofire */,
				BF3F4F011A9CEB6200D254D4 /* SwiftyJSON */,
			);
			path = "Third Party Libraries";
			sourceTree = "<group>";
		};
		BF3F4F011A9CEB6200D254D4 /* SwiftyJSON */ = {
			isa = PBXGroup;
			children = (
				BF3F4F021A9CEBC000D254D4 /* SwiftyJSON.swift */,
			);
			path = SwiftyJSON;
			sourceTree = "<group>";
		};
		BF3F4F041A9CEBC700D254D4 /* Alamofire */ = {
			isa = PBXGroup;
			children = (
				BF3F4F081A9CEC5C00D254D4 /* Alamofire.swift */,
				BF3F4F061A9CEC5700D254D4 /* Alamofire-SwiftyJSON.swift */,
			);
			path = Alamofire;
			sourceTree = "<group>";
		};
		BF3F4F051A9CEBCF00D254D4 /* Snap */ = {
			isa = PBXGroup;
			children = (
				BF3F4F0A1A9CED9C00D254D4 /* Constraint.swift */,
				BF3F4F0B1A9CED9C00D254D4 /* ConstraintAttributes.swift */,
				BF3F4F0C1A9CED9C00D254D4 /* ConstraintItem.swift */,
				BF3F4F0D1A9CED9C00D254D4 /* ConstraintMaker.swift */,
				BF3F4F0E1A9CED9C00D254D4 /* ConstraintRelation.swift */,
				BF3F4F0F1A9CED9C00D254D4 /* EdgeInsets.swift */,
				BF3F4F101A9CED9C00D254D4 /* LayoutConstraint.swift */,
				BF3F4F111A9CED9C00D254D4 /* Snap.h */,
				BF3F4F121A9CED9C00D254D4 /* View+Snap.swift */,
			);
			path = Snap;
			sourceTree = "<group>";
		};
		BF3F4F1C1A9CEEC900D254D4 /* Mapbox */ = {
			isa = PBXGroup;
			children = (
				BF3F4F1D1A9CEEC900D254D4 /* Headers */,
				BF3F4F561A9CEEC900D254D4 /* libMapbox.a */,
				BF3F4F571A9CEEC900D254D4 /* Mapbox.bundle */,
			);
			path = Mapbox;
			sourceTree = "<group>";
		};
		BF3F4F1D1A9CEEC900D254D4 /* Headers */ = {
			isa = PBXGroup;
			children = (
				BF3F4F1E1A9CEEC900D254D4 /* Mapbox.h */,
				BF3F4F1F1A9CEEC900D254D4 /* RMAbstractMercatorTileSource.h */,
				BF3F4F201A9CEEC900D254D4 /* RMAbstractWebMapSource.h */,
				BF3F4F211A9CEEC900D254D4 /* RMAnnotation.h */,
				BF3F4F221A9CEEC900D254D4 /* RMAttributionViewController.h */,
				BF3F4F231A9CEEC900D254D4 /* RMBingSource.h */,
				BF3F4F241A9CEEC900D254D4 /* RMCacheObject.h */,
				BF3F4F251A9CEEC900D254D4 /* RMCircle.h */,
				BF3F4F261A9CEEC900D254D4 /* RMCircleAnnotation.h */,
				BF3F4F271A9CEEC900D254D4 /* RMCompositeSource.h */,
				BF3F4F281A9CEEC900D254D4 /* RMConfiguration.h */,
				BF3F4F291A9CEEC900D254D4 /* RMCoordinateGridSource.h */,
				BF3F4F2A1A9CEEC900D254D4 /* RMDatabaseCache.h */,
				BF3F4F2B1A9CEEC900D254D4 /* RMDBMapSource.h */,
				BF3F4F2C1A9CEEC900D254D4 /* RMFoundation.h */,
				BF3F4F2D1A9CEEC900D254D4 /* RMFractalTileProjection.h */,
				BF3F4F2E1A9CEEC900D254D4 /* RMGenericMapSource.h */,
				BF3F4F2F1A9CEEC900D254D4 /* RMGlobalConstants.h */,
				BF3F4F301A9CEEC900D254D4 /* RMGreatCircleAnnotation.h */,
				BF3F4F311A9CEEC900D254D4 /* RMInteractiveSource.h */,
				BF3F4F321A9CEEC900D254D4 /* RMLoadingTileView.h */,
				BF3F4F331A9CEEC900D254D4 /* RMMapboxSource.h */,
				BF3F4F341A9CEEC900D254D4 /* RMMapLayer.h */,
				BF3F4F351A9CEEC900D254D4 /* RMMapOverlayView.h */,
				BF3F4F361A9CEEC900D254D4 /* RMMapQuestOpenAerialSource.h */,
				BF3F4F371A9CEEC900D254D4 /* RMMapQuestOSMSource.h */,
				BF3F4F381A9CEEC900D254D4 /* RMMapScrollView.h */,
				BF3F4F391A9CEEC900D254D4 /* RMMapTiledLayerView.h */,
				BF3F4F3A1A9CEEC900D254D4 /* RMMapView.h */,
				BF3F4F3B1A9CEEC900D254D4 /* RMMapViewDelegate.h */,
				BF3F4F3C1A9CEEC900D254D4 /* RMMarker.h */,
				BF3F4F3D1A9CEEC900D254D4 /* RMMBTilesSource.h */,
				BF3F4F3E1A9CEEC900D254D4 /* RMMemoryCache.h */,
				BF3F4F3F1A9CEEC900D254D4 /* RMNotifications.h */,
				BF3F4F401A9CEEC900D254D4 /* RMOpenCycleMapSource.h */,
				BF3F4F411A9CEEC900D254D4 /* RMOpenSeaMapLayer.h */,
				BF3F4F421A9CEEC900D254D4 /* RMOpenSeaMapSource.h */,
				BF3F4F431A9CEEC900D254D4 /* RMOpenStreetMapSource.h */,
				BF3F4F441A9CEEC900D254D4 /* RMPixel.h */,
				BF3F4F451A9CEEC900D254D4 /* RMPointAnnotation.h */,
				BF3F4F461A9CEEC900D254D4 /* RMPolygonAnnotation.h */,
				BF3F4F471A9CEEC900D254D4 /* RMPolylineAnnotation.h */,
				BF3F4F481A9CEEC900D254D4 /* RMProjection.h */,
				BF3F4F491A9CEEC900D254D4 /* RMQuadTree.h */,
				BF3F4F4A1A9CEEC900D254D4 /* RMShape.h */,
				BF3F4F4B1A9CEEC900D254D4 /* RMShapeAnnotation.h */,
				BF3F4F4C1A9CEEC900D254D4 /* RMStaticMapView.h */,
				BF3F4F4D1A9CEEC900D254D4 /* RMTile.h */,
				BF3F4F4E1A9CEEC900D254D4 /* RMTileCache.h */,
				BF3F4F4F1A9CEEC900D254D4 /* RMTileCacheDownloadOperation.h */,
				BF3F4F501A9CEEC900D254D4 /* RMTileImage.h */,
				BF3F4F511A9CEEC900D254D4 /* RMTileMillSource.h */,
				BF3F4F521A9CEEC900D254D4 /* RMTileSource.h */,
				BF3F4F531A9CEEC900D254D4 /* RMTileSourcesContainer.h */,
				BF3F4F541A9CEEC900D254D4 /* RMUserLocation.h */,
				BF3F4F551A9CEEC900D254D4 /* RMUserTrackingBarButtonItem.h */,
			);
			path = Headers;
			sourceTree = "<group>";
		};
		BFC7647E1A7644AC008F2B26 = {
			isa = PBXGroup;
			children = (
				BFFD300A1A83B4AB006582A1 /* prkng-Bridging-Header.h */,
				BFC764891A7644AC008F2B26 /* prkng-ios */,
				BFC7649F1A7644AC008F2B26 /* prkng-iosTests */,
				BFC764881A7644AC008F2B26 /* Products */,
				14ED3BF3E75A844F19A53B43 /* Frameworks */,
			);
			sourceTree = "<group>";
		};
		BFC764881A7644AC008F2B26 /* Products */ = {
			isa = PBXGroup;
			children = (
				BFC764871A7644AC008F2B26 /* prkng-ios.app */,
				BFC7649C1A7644AC008F2B26 /* prkng-iosTests.xctest */,
			);
			name = Products;
			sourceTree = "<group>";
		};
		BFC764891A7644AC008F2B26 /* prkng-ios */ = {
			isa = PBXGroup;
			children = (
				BFE956651A8E4B7D00C2C117 /* API */,
				BFC7648C1A7644AC008F2B26 /* AppDelegate.swift */,
				BF0B47221A7E903900E94B3C /* Model */,
				BF0B47231A7E905F00E94B3C /* View Controllers */,
				BF3F4EC81A9CEA1100D254D4 /* Third Party Libraries */,
				BFC764931A7644AC008F2B26 /* Images.xcassets */,
				BFC7648A1A7644AC008F2B26 /* Supporting Files */,
			);
			path = "prkng-ios";
			sourceTree = "<group>";
		};
		BFC7648A1A7644AC008F2B26 /* Supporting Files */ = {
			isa = PBXGroup;
			children = (
				BFC7648B1A7644AC008F2B26 /* Info.plist */,
			);
			name = "Supporting Files";
			sourceTree = "<group>";
		};
		BFC7649F1A7644AC008F2B26 /* prkng-iosTests */ = {
			isa = PBXGroup;
			children = (
				BFC764A21A7644AC008F2B26 /* prkng_iosTests.swift */,
				BFC764A01A7644AC008F2B26 /* Supporting Files */,
			);
			path = "prkng-iosTests";
			sourceTree = "<group>";
		};
		BFC764A01A7644AC008F2B26 /* Supporting Files */ = {
			isa = PBXGroup;
			children = (
				BFC764A11A7644AC008F2B26 /* Info.plist */,
			);
			name = "Supporting Files";
			sourceTree = "<group>";
		};
		BFE1AB761A839F0100B77F2E /* Map */ = {
			isa = PBXGroup;
			children = (
				BFE1AB791A839F6A00B77F2E /* MapViewController.swift */,
			);
			path = Map;
			sourceTree = "<group>";
		};
		BFE956651A8E4B7D00C2C117 /* API */ = {
			isa = PBXGroup;
			children = (
				BFE956681A8E59DF00C2C117 /* APIUtility.swift */,
				BFE9566A1A8E5C8D00C2C117 /* SpotOperations.swift */,
			);
			path = API;
			sourceTree = "<group>";
		};
/* End PBXGroup section */

/* Begin PBXNativeTarget section */
		BFC764861A7644AC008F2B26 /* prkng-ios */ = {
			isa = PBXNativeTarget;
			buildConfigurationList = BFC764A61A7644AC008F2B26 /* Build configuration list for PBXNativeTarget "prkng-ios" */;
			buildPhases = (
				BFC764831A7644AC008F2B26 /* Sources */,
				BFC764841A7644AC008F2B26 /* Frameworks */,
				BFC764851A7644AC008F2B26 /* Resources */,
				BFDF22BF1A8511E2000380DA /* ShellScript */,
			);
			buildRules = (
			);
			dependencies = (
			);
			name = "prkng-ios";
			productName = "prkng-ios";
			productReference = BFC764871A7644AC008F2B26 /* prkng-ios.app */;
			productType = "com.apple.product-type.application";
		};
		BFC7649B1A7644AC008F2B26 /* prkng-iosTests */ = {
			isa = PBXNativeTarget;
			buildConfigurationList = BFC764A91A7644AC008F2B26 /* Build configuration list for PBXNativeTarget "prkng-iosTests" */;
			buildPhases = (
				BFC764981A7644AC008F2B26 /* Sources */,
				BFC764991A7644AC008F2B26 /* Frameworks */,
				BFC7649A1A7644AC008F2B26 /* Resources */,
			);
			buildRules = (
			);
			dependencies = (
				BFC7649E1A7644AC008F2B26 /* PBXTargetDependency */,
			);
			name = "prkng-iosTests";
			productName = "prkng-iosTests";
			productReference = BFC7649C1A7644AC008F2B26 /* prkng-iosTests.xctest */;
			productType = "com.apple.product-type.bundle.unit-test";
		};
/* End PBXNativeTarget section */

/* Begin PBXProject section */
		BFC7647F1A7644AC008F2B26 /* Project object */ = {
			isa = PBXProject;
			attributes = {
				LastUpgradeCheck = 0610;
				ORGANIZATIONNAME = PRKNG;
				TargetAttributes = {
					BFC764861A7644AC008F2B26 = {
						CreatedOnToolsVersion = 6.1.1;
						DevelopmentTeam = KURFZF6D8V;
					};
					BFC7649B1A7644AC008F2B26 = {
						CreatedOnToolsVersion = 6.1.1;
						TestTargetID = BFC764861A7644AC008F2B26;
					};
				};
			};
			buildConfigurationList = BFC764821A7644AC008F2B26 /* Build configuration list for PBXProject "prkng-ios" */;
			compatibilityVersion = "Xcode 3.2";
			developmentRegion = English;
			hasScannedForEncodings = 0;
			knownRegions = (
				en,
				Base,
			);
			mainGroup = BFC7647E1A7644AC008F2B26;
			productRefGroup = BFC764881A7644AC008F2B26 /* Products */;
			projectDirPath = "";
			projectRoot = "";
			targets = (
				BFC764861A7644AC008F2B26 /* prkng-ios */,
				BFC7649B1A7644AC008F2B26 /* prkng-iosTests */,
			);
		};
/* End PBXProject section */

/* Begin PBXResourcesBuildPhase section */
		BFC764851A7644AC008F2B26 /* Resources */ = {
			isa = PBXResourcesBuildPhase;
			buildActionMask = 2147483647;
			files = (
				BF3F4F591A9CEEC900D254D4 /* Mapbox.bundle in Resources */,
				BFC764941A7644AC008F2B26 /* Images.xcassets in Resources */,
			);
			runOnlyForDeploymentPostprocessing = 0;
		};
		BFC7649A1A7644AC008F2B26 /* Resources */ = {
			isa = PBXResourcesBuildPhase;
			buildActionMask = 2147483647;
			files = (
			);
			runOnlyForDeploymentPostprocessing = 0;
		};
/* End PBXResourcesBuildPhase section */

/* Begin PBXShellScriptBuildPhase section */
		BFDF22BF1A8511E2000380DA /* ShellScript */ = {
			isa = PBXShellScriptBuildPhase;
			buildActionMask = 2147483647;
			files = (
			);
			inputPaths = (
			);
			outputPaths = (
			);
			runOnlyForDeploymentPostprocessing = 0;
			shellPath = /bin/sh;
			shellScript = "./Crashlytics.framework/run 0a552ed905e273700bb769724c451c706ceb78cb 55ae8884944b326951fc667a5f4d9dbe77103580fc564745f9309f428b2fb29a";
		};
/* End PBXShellScriptBuildPhase section */

/* Begin PBXSourcesBuildPhase section */
		BFC764831A7644AC008F2B26 /* Sources */ = {
			isa = PBXSourcesBuildPhase;
			buildActionMask = 2147483647;
			files = (
				BF3F4F131A9CED9C00D254D4 /* Constraint.swift in Sources */,
				BF72984B1A9C8C5D00B8F4AE /* ParkingRule.swift in Sources */,
				BFE1AB781A839F5800B77F2E /* AbstractViewController.swift in Sources */,
				BF3F4F031A9CEBC000D254D4 /* SwiftyJSON.swift in Sources */,
				BF3F4F1A1A9CED9C00D254D4 /* View+Snap.swift in Sources */,
				BFC7648D1A7644AC008F2B26 /* AppDelegate.swift in Sources */,
				BF3F4F071A9CEC5700D254D4 /* Alamofire-SwiftyJSON.swift in Sources */,
				BF3F4F171A9CED9C00D254D4 /* ConstraintRelation.swift in Sources */,
				BF3F4F091A9CEC5C00D254D4 /* Alamofire.swift in Sources */,
				BF3F4F151A9CED9C00D254D4 /* ConstraintItem.swift in Sources */,
				BFD9CB691A9C942300BFA836 /* Shape.swift in Sources */,
				BFE956691A8E59DF00C2C117 /* APIUtility.swift in Sources */,
				BFE9566B1A8E5C8D00C2C117 /* SpotOperations.swift in Sources */,
				BF3F4F161A9CED9C00D254D4 /* ConstraintMaker.swift in Sources */,
				BFE956641A8E4B7500C2C117 /* ParkingSpot.swift in Sources */,
				BF3F4F191A9CED9C00D254D4 /* LayoutConstraint.swift in Sources */,
				BF3F4F181A9CED9C00D254D4 /* EdgeInsets.swift in Sources */,
				BF3F4F141A9CED9C00D254D4 /* ConstraintAttributes.swift in Sources */,
				BFE1AB7A1A839F6A00B77F2E /* MapViewController.swift in Sources */,
			);
			runOnlyForDeploymentPostprocessing = 0;
		};
		BFC764981A7644AC008F2B26 /* Sources */ = {
			isa = PBXSourcesBuildPhase;
			buildActionMask = 2147483647;
			files = (
				BFC764A31A7644AC008F2B26 /* prkng_iosTests.swift in Sources */,
			);
			runOnlyForDeploymentPostprocessing = 0;
		};
/* End PBXSourcesBuildPhase section */

/* Begin PBXTargetDependency section */
		BFC7649E1A7644AC008F2B26 /* PBXTargetDependency */ = {
			isa = PBXTargetDependency;
			target = BFC764861A7644AC008F2B26 /* prkng-ios */;
			targetProxy = BFC7649D1A7644AC008F2B26 /* PBXContainerItemProxy */;
		};
/* End PBXTargetDependency section */

/* Begin XCBuildConfiguration section */
		BFC764A41A7644AC008F2B26 /* Debug */ = {
			isa = XCBuildConfiguration;
			buildSettings = {
				ALWAYS_SEARCH_USER_PATHS = NO;
				CLANG_CXX_LANGUAGE_STANDARD = "gnu++0x";
				CLANG_CXX_LIBRARY = "libc++";
				CLANG_ENABLE_MODULES = YES;
				CLANG_ENABLE_OBJC_ARC = YES;
				CLANG_WARN_BOOL_CONVERSION = YES;
				CLANG_WARN_CONSTANT_CONVERSION = YES;
				CLANG_WARN_DIRECT_OBJC_ISA_USAGE = YES_ERROR;
				CLANG_WARN_EMPTY_BODY = YES;
				CLANG_WARN_ENUM_CONVERSION = YES;
				CLANG_WARN_INT_CONVERSION = YES;
				CLANG_WARN_OBJC_ROOT_CLASS = YES_ERROR;
				CLANG_WARN_UNREACHABLE_CODE = YES;
				CLANG_WARN__DUPLICATE_METHOD_MATCH = YES;
				"CODE_SIGN_IDENTITY[sdk=iphoneos*]" = "iPhone Developer";
				COPY_PHASE_STRIP = NO;
				ENABLE_STRICT_OBJC_MSGSEND = YES;
				GCC_C_LANGUAGE_STANDARD = gnu99;
				GCC_DYNAMIC_NO_PIC = NO;
				GCC_OPTIMIZATION_LEVEL = 0;
				GCC_PREPROCESSOR_DEFINITIONS = (
					"DEBUG=1",
					"$(inherited)",
				);
				GCC_SYMBOLS_PRIVATE_EXTERN = NO;
				GCC_WARN_64_TO_32_BIT_CONVERSION = YES;
				GCC_WARN_ABOUT_RETURN_TYPE = YES_ERROR;
				GCC_WARN_UNDECLARED_SELECTOR = YES;
				GCC_WARN_UNINITIALIZED_AUTOS = YES_AGGRESSIVE;
				GCC_WARN_UNUSED_FUNCTION = YES;
				GCC_WARN_UNUSED_VARIABLE = YES;
				IPHONEOS_DEPLOYMENT_TARGET = 8.1;
				MTL_ENABLE_DEBUG_INFO = YES;
				ONLY_ACTIVE_ARCH = YES;
				SDKROOT = iphoneos;
				SWIFT_OPTIMIZATION_LEVEL = "-Onone";
			};
			name = Debug;
		};
		BFC764A51A7644AC008F2B26 /* Release */ = {
			isa = XCBuildConfiguration;
			buildSettings = {
				ALWAYS_SEARCH_USER_PATHS = NO;
				CLANG_CXX_LANGUAGE_STANDARD = "gnu++0x";
				CLANG_CXX_LIBRARY = "libc++";
				CLANG_ENABLE_MODULES = YES;
				CLANG_ENABLE_OBJC_ARC = YES;
				CLANG_WARN_BOOL_CONVERSION = YES;
				CLANG_WARN_CONSTANT_CONVERSION = YES;
				CLANG_WARN_DIRECT_OBJC_ISA_USAGE = YES_ERROR;
				CLANG_WARN_EMPTY_BODY = YES;
				CLANG_WARN_ENUM_CONVERSION = YES;
				CLANG_WARN_INT_CONVERSION = YES;
				CLANG_WARN_OBJC_ROOT_CLASS = YES_ERROR;
				CLANG_WARN_UNREACHABLE_CODE = YES;
				CLANG_WARN__DUPLICATE_METHOD_MATCH = YES;
				"CODE_SIGN_IDENTITY[sdk=iphoneos*]" = "iPhone Developer";
				COPY_PHASE_STRIP = YES;
				ENABLE_NS_ASSERTIONS = NO;
				ENABLE_STRICT_OBJC_MSGSEND = YES;
				GCC_C_LANGUAGE_STANDARD = gnu99;
				GCC_WARN_64_TO_32_BIT_CONVERSION = YES;
				GCC_WARN_ABOUT_RETURN_TYPE = YES_ERROR;
				GCC_WARN_UNDECLARED_SELECTOR = YES;
				GCC_WARN_UNINITIALIZED_AUTOS = YES_AGGRESSIVE;
				GCC_WARN_UNUSED_FUNCTION = YES;
				GCC_WARN_UNUSED_VARIABLE = YES;
				IPHONEOS_DEPLOYMENT_TARGET = 8.1;
				MTL_ENABLE_DEBUG_INFO = NO;
				SDKROOT = iphoneos;
				VALIDATE_PRODUCT = YES;
			};
			name = Release;
		};
		BFC764A71A7644AC008F2B26 /* Debug */ = {
			isa = XCBuildConfiguration;
			buildSettings = {
				ALWAYS_SEARCH_USER_PATHS = YES;
				ASSETCATALOG_COMPILER_APPICON_NAME = AppIcon;
				ASSETCATALOG_COMPILER_LAUNCHIMAGE_NAME = LaunchImage;
				CODE_SIGN_IDENTITY = "iPhone Developer";
				"CODE_SIGN_IDENTITY[sdk=iphoneos*]" = "iPhone Developer";
				DEFINES_MODULE = NO;
				FRAMEWORK_SEARCH_PATHS = (
					"$(inherited)",
					"$(PROJECT_DIR)",
				);
				INFOPLIST_FILE = "prkng-ios/Info.plist";
				IPHONEOS_DEPLOYMENT_TARGET = 7.0;
				LD_RUNPATH_SEARCH_PATHS = "$(inherited) @executable_path/Frameworks";
				LIBRARY_SEARCH_PATHS = (
					"$(inherited)",
					"$(PROJECT_DIR)/Mapbox",
					"$(PROJECT_DIR)/Mapbox/prkng-ios/Third",
					Party,
					Libraries/Mapbox,
					"$(PROJECT_DIR)/prkng-ios/Third",
					Party,
					Libraries/Mapbox,
				);
				PRODUCT_NAME = "$(TARGET_NAME)";
				PROVISIONING_PROFILE = "";
				SWIFT_INSTALL_OBJC_HEADER = YES;
				SWIFT_OBJC_BRIDGING_HEADER = "/Users/cagdas/Dev/ios/prkng-ios/prkng-Bridging-Header.h";
				USER_HEADER_SEARCH_PATHS = "Pods/**";
			};
			name = Debug;
		};
		BFC764A81A7644AC008F2B26 /* Release */ = {
			isa = XCBuildConfiguration;
			buildSettings = {
				ALWAYS_SEARCH_USER_PATHS = YES;
				ASSETCATALOG_COMPILER_APPICON_NAME = AppIcon;
				ASSETCATALOG_COMPILER_LAUNCHIMAGE_NAME = LaunchImage;
				CODE_SIGN_IDENTITY = "iPhone Developer";
				"CODE_SIGN_IDENTITY[sdk=iphoneos*]" = "iPhone Developer";
				DEFINES_MODULE = NO;
				FRAMEWORK_SEARCH_PATHS = (
					"$(inherited)",
					"$(PROJECT_DIR)",
				);
				INFOPLIST_FILE = "prkng-ios/Info.plist";
				IPHONEOS_DEPLOYMENT_TARGET = 7.0;
				LD_RUNPATH_SEARCH_PATHS = "$(inherited) @executable_path/Frameworks";
				LIBRARY_SEARCH_PATHS = (
					"$(inherited)",
					"$(PROJECT_DIR)/Mapbox",
					"$(PROJECT_DIR)/Mapbox/prkng-ios/Third",
					Party,
					Libraries/Mapbox,
					"$(PROJECT_DIR)/prkng-ios/Third",
					Party,
					Libraries/Mapbox,
				);
				PRODUCT_NAME = "$(TARGET_NAME)";
				PROVISIONING_PROFILE = "";
				SWIFT_INSTALL_OBJC_HEADER = YES;
				SWIFT_OBJC_BRIDGING_HEADER = "/Users/cagdas/Dev/ios/prkng-ios/prkng-Bridging-Header.h";
				USER_HEADER_SEARCH_PATHS = "Pods/**";
			};
			name = Release;
		};
		BFC764AA1A7644AC008F2B26 /* Debug */ = {
			isa = XCBuildConfiguration;
			buildSettings = {
				BUNDLE_LOADER = "$(TEST_HOST)";
				FRAMEWORK_SEARCH_PATHS = (
					"$(SDKROOT)/Developer/Library/Frameworks",
					"$(inherited)",
				);
				GCC_PREPROCESSOR_DEFINITIONS = (
					"DEBUG=1",
					"$(inherited)",
				);
				INFOPLIST_FILE = "prkng-iosTests/Info.plist";
				LD_RUNPATH_SEARCH_PATHS = "$(inherited) @executable_path/Frameworks @loader_path/Frameworks";
				PRODUCT_NAME = "$(TARGET_NAME)";
				TEST_HOST = "$(BUILT_PRODUCTS_DIR)/prkng-ios.app/prkng-ios";
			};
			name = Debug;
		};
		BFC764AB1A7644AC008F2B26 /* Release */ = {
			isa = XCBuildConfiguration;
			buildSettings = {
				BUNDLE_LOADER = "$(TEST_HOST)";
				FRAMEWORK_SEARCH_PATHS = (
					"$(SDKROOT)/Developer/Library/Frameworks",
					"$(inherited)",
				);
				INFOPLIST_FILE = "prkng-iosTests/Info.plist";
				LD_RUNPATH_SEARCH_PATHS = "$(inherited) @executable_path/Frameworks @loader_path/Frameworks";
				PRODUCT_NAME = "$(TARGET_NAME)";
				TEST_HOST = "$(BUILT_PRODUCTS_DIR)/prkng-ios.app/prkng-ios";
			};
			name = Release;
		};
/* End XCBuildConfiguration section */

/* Begin XCConfigurationList section */
		BFC764821A7644AC008F2B26 /* Build configuration list for PBXProject "prkng-ios" */ = {
			isa = XCConfigurationList;
			buildConfigurations = (
				BFC764A41A7644AC008F2B26 /* Debug */,
				BFC764A51A7644AC008F2B26 /* Release */,
			);
			defaultConfigurationIsVisible = 0;
			defaultConfigurationName = Release;
		};
		BFC764A61A7644AC008F2B26 /* Build configuration list for PBXNativeTarget "prkng-ios" */ = {
			isa = XCConfigurationList;
			buildConfigurations = (
				BFC764A71A7644AC008F2B26 /* Debug */,
				BFC764A81A7644AC008F2B26 /* Release */,
			);
			defaultConfigurationIsVisible = 0;
			defaultConfigurationName = Release;
		};
		BFC764A91A7644AC008F2B26 /* Build configuration list for PBXNativeTarget "prkng-iosTests" */ = {
			isa = XCConfigurationList;
			buildConfigurations = (
				BFC764AA1A7644AC008F2B26 /* Debug */,
				BFC764AB1A7644AC008F2B26 /* Release */,
			);
			defaultConfigurationIsVisible = 0;
			defaultConfigurationName = Release;
		};
/* End XCConfigurationList section */
	};
	rootObject = BFC7647F1A7644AC008F2B26 /* Project object */;
}
